// !$*UTF8*$!
{
	archiveVersion = 1;
	classes = {
	};
	objectVersion = 56;
	objects = {

/* Begin PBXBuildFile section */
		A2554A5B2981674B00DFFF38 /* AppDelegate.swift in Sources */ = {isa = PBXBuildFile; fileRef = A2554A5A2981674B00DFFF38 /* AppDelegate.swift */; };
		A2554A5D2981674B00DFFF38 /* SceneDelegate.swift in Sources */ = {isa = PBXBuildFile; fileRef = A2554A5C2981674B00DFFF38 /* SceneDelegate.swift */; };
		A2554A622981674B00DFFF38 /* Main.storyboard in Resources */ = {isa = PBXBuildFile; fileRef = A2554A602981674B00DFFF38 /* Main.storyboard */; };
		A2554A642981674E00DFFF38 /* Assets.xcassets in Resources */ = {isa = PBXBuildFile; fileRef = A2554A632981674E00DFFF38 /* Assets.xcassets */; };
		A2554A672981674E00DFFF38 /* LaunchScreen.storyboard in Resources */ = {isa = PBXBuildFile; fileRef = A2554A652981674E00DFFF38 /* LaunchScreen.storyboard */; };
		A2554A722981674F00DFFF38 /* LootLoggerTests.swift in Sources */ = {isa = PBXBuildFile; fileRef = A2554A712981674F00DFFF38 /* LootLoggerTests.swift */; };
		A2554A7C2981674F00DFFF38 /* LootLoggerUITests.swift in Sources */ = {isa = PBXBuildFile; fileRef = A2554A7B2981674F00DFFF38 /* LootLoggerUITests.swift */; };
		A2554A7E2981674F00DFFF38 /* LootLoggerUITestsLaunchTests.swift in Sources */ = {isa = PBXBuildFile; fileRef = A2554A7D2981674F00DFFF38 /* LootLoggerUITestsLaunchTests.swift */; };
		A2554A8B2988125400DFFF38 /* ItemsViewController.swift in Sources */ = {isa = PBXBuildFile; fileRef = A2554A8A2988125400DFFF38 /* ItemsViewController.swift */; };
		A2554A8D2988199E00DFFF38 /* Item.swift in Sources */ = {isa = PBXBuildFile; fileRef = A2554A8C2988199E00DFFF38 /* Item.swift */; };
		A2554A8F29881D7D00DFFF38 /* ItemStore.swift in Sources */ = {isa = PBXBuildFile; fileRef = A2554A8E29881D7D00DFFF38 /* ItemStore.swift */; };
		A26BA2DF2991CBDA00F3C69D /* DateChangeController.swift in Sources */ = {isa = PBXBuildFile; fileRef = A26BA2DE2991CBDA00F3C69D /* DateChangeController.swift */; };
		A2A7895429901D4800657300 /* ItemCell.swift in Sources */ = {isa = PBXBuildFile; fileRef = A2A7895329901D4800657300 /* ItemCell.swift */; };
		A2F979DE2991593D00881A79 /* DetailViewController.swift in Sources */ = {isa = PBXBuildFile; fileRef = A2F979DD2991593D00881A79 /* DetailViewController.swift */; };
/* End PBXBuildFile section */

/* Begin PBXContainerItemProxy section */
		A2554A6E2981674F00DFFF38 /* PBXContainerItemProxy */ = {
			isa = PBXContainerItemProxy;
			containerPortal = A2554A4F2981674B00DFFF38 /* Project object */;
			proxyType = 1;
			remoteGlobalIDString = A2554A562981674B00DFFF38;
			remoteInfo = LootLogger;
		};
		A2554A782981674F00DFFF38 /* PBXContainerItemProxy */ = {
			isa = PBXContainerItemProxy;
			containerPortal = A2554A4F2981674B00DFFF38 /* Project object */;
			proxyType = 1;
			remoteGlobalIDString = A2554A562981674B00DFFF38;
			remoteInfo = LootLogger;
		};
/* End PBXContainerItemProxy section */

/* Begin PBXFileReference section */
		A2554A572981674B00DFFF38 /* LootLogger.app */ = {isa = PBXFileReference; explicitFileType = wrapper.application; includeInIndex = 0; path = LootLogger.app; sourceTree = BUILT_PRODUCTS_DIR; };
		A2554A5A2981674B00DFFF38 /* AppDelegate.swift */ = {isa = PBXFileReference; lastKnownFileType = sourcecode.swift; path = AppDelegate.swift; sourceTree = "<group>"; };
		A2554A5C2981674B00DFFF38 /* SceneDelegate.swift */ = {isa = PBXFileReference; lastKnownFileType = sourcecode.swift; path = SceneDelegate.swift; sourceTree = "<group>"; };
		A2554A612981674B00DFFF38 /* Base */ = {isa = PBXFileReference; lastKnownFileType = file.storyboard; name = Base; path = Base.lproj/Main.storyboard; sourceTree = "<group>"; };
		A2554A632981674E00DFFF38 /* Assets.xcassets */ = {isa = PBXFileReference; lastKnownFileType = folder.assetcatalog; path = Assets.xcassets; sourceTree = "<group>"; };
		A2554A662981674E00DFFF38 /* Base */ = {isa = PBXFileReference; lastKnownFileType = file.storyboard; name = Base; path = Base.lproj/LaunchScreen.storyboard; sourceTree = "<group>"; };
		A2554A682981674E00DFFF38 /* Info.plist */ = {isa = PBXFileReference; lastKnownFileType = text.plist.xml; path = Info.plist; sourceTree = "<group>"; };
		A2554A6D2981674F00DFFF38 /* LootLoggerTests.xctest */ = {isa = PBXFileReference; explicitFileType = wrapper.cfbundle; includeInIndex = 0; path = LootLoggerTests.xctest; sourceTree = BUILT_PRODUCTS_DIR; };
		A2554A712981674F00DFFF38 /* LootLoggerTests.swift */ = {isa = PBXFileReference; lastKnownFileType = sourcecode.swift; path = LootLoggerTests.swift; sourceTree = "<group>"; };
		A2554A772981674F00DFFF38 /* LootLoggerUITests.xctest */ = {isa = PBXFileReference; explicitFileType = wrapper.cfbundle; includeInIndex = 0; path = LootLoggerUITests.xctest; sourceTree = BUILT_PRODUCTS_DIR; };
		A2554A7B2981674F00DFFF38 /* LootLoggerUITests.swift */ = {isa = PBXFileReference; lastKnownFileType = sourcecode.swift; path = LootLoggerUITests.swift; sourceTree = "<group>"; };
		A2554A7D2981674F00DFFF38 /* LootLoggerUITestsLaunchTests.swift */ = {isa = PBXFileReference; lastKnownFileType = sourcecode.swift; path = LootLoggerUITestsLaunchTests.swift; sourceTree = "<group>"; };
		A2554A8A2988125400DFFF38 /* ItemsViewController.swift */ = {isa = PBXFileReference; lastKnownFileType = sourcecode.swift; path = ItemsViewController.swift; sourceTree = "<group>"; };
		A2554A8C2988199E00DFFF38 /* Item.swift */ = {isa = PBXFileReference; lastKnownFileType = sourcecode.swift; path = Item.swift; sourceTree = "<group>"; };
		A2554A8E29881D7D00DFFF38 /* ItemStore.swift */ = {isa = PBXFileReference; lastKnownFileType = sourcecode.swift; path = ItemStore.swift; sourceTree = "<group>"; };
		A26BA2DE2991CBDA00F3C69D /* DateChangeController.swift */ = {isa = PBXFileReference; lastKnownFileType = sourcecode.swift; path = DateChangeController.swift; sourceTree = "<group>"; };
		A2A7895329901D4800657300 /* ItemCell.swift */ = {isa = PBXFileReference; lastKnownFileType = sourcecode.swift; path = ItemCell.swift; sourceTree = "<group>"; };
		A2F979DD2991593D00881A79 /* DetailViewController.swift */ = {isa = PBXFileReference; lastKnownFileType = sourcecode.swift; path = DetailViewController.swift; sourceTree = "<group>"; };
/* End PBXFileReference section */

/* Begin PBXFrameworksBuildPhase section */
		A2554A542981674B00DFFF38 /* Frameworks */ = {
			isa = PBXFrameworksBuildPhase;
			buildActionMask = 2147483647;
			files = (
			);
			runOnlyForDeploymentPostprocessing = 0;
		};
		A2554A6A2981674F00DFFF38 /* Frameworks */ = {
			isa = PBXFrameworksBuildPhase;
			buildActionMask = 2147483647;
			files = (
			);
			runOnlyForDeploymentPostprocessing = 0;
		};
		A2554A742981674F00DFFF38 /* Frameworks */ = {
			isa = PBXFrameworksBuildPhase;
			buildActionMask = 2147483647;
			files = (
			);
			runOnlyForDeploymentPostprocessing = 0;
		};
/* End PBXFrameworksBuildPhase section */

/* Begin PBXGroup section */
		A2554A4E2981674B00DFFF38 = {
			isa = PBXGroup;
			children = (
				A2554A592981674B00DFFF38 /* LootLogger */,
				A2554A702981674F00DFFF38 /* LootLoggerTests */,
				A2554A7A2981674F00DFFF38 /* LootLoggerUITests */,
				A2554A582981674B00DFFF38 /* Products */,
			);
			sourceTree = "<group>";
		};
		A2554A582981674B00DFFF38 /* Products */ = {
			isa = PBXGroup;
			children = (
				A2554A572981674B00DFFF38 /* LootLogger.app */,
				A2554A6D2981674F00DFFF38 /* LootLoggerTests.xctest */,
				A2554A772981674F00DFFF38 /* LootLoggerUITests.xctest */,
			);
			name = Products;
			sourceTree = "<group>";
		};
		A2554A592981674B00DFFF38 /* LootLogger */ = {
			isa = PBXGroup;
			children = (
				A2554A5A2981674B00DFFF38 /* AppDelegate.swift */,
				A2554A5C2981674B00DFFF38 /* SceneDelegate.swift */,
				A2554A8A2988125400DFFF38 /* ItemsViewController.swift */,
				A2A7895329901D4800657300 /* ItemCell.swift */,
				A2554A8C2988199E00DFFF38 /* Item.swift */,
				A2554A8E29881D7D00DFFF38 /* ItemStore.swift */,
				A2554A602981674B00DFFF38 /* Main.storyboard */,
				A26BA2DE2991CBDA00F3C69D /* DateChangeController.swift */,
				A2F979DD2991593D00881A79 /* DetailViewController.swift */,
				A2554A632981674E00DFFF38 /* Assets.xcassets */,
				A2554A652981674E00DFFF38 /* LaunchScreen.storyboard */,
				A2554A682981674E00DFFF38 /* Info.plist */,
			);
			path = LootLogger;
			sourceTree = "<group>";
		};
		A2554A702981674F00DFFF38 /* LootLoggerTests */ = {
			isa = PBXGroup;
			children = (
				A2554A712981674F00DFFF38 /* LootLoggerTests.swift */,
			);
			path = LootLoggerTests;
			sourceTree = "<group>";
		};
		A2554A7A2981674F00DFFF38 /* LootLoggerUITests */ = {
			isa = PBXGroup;
			children = (
				A2554A7B2981674F00DFFF38 /* LootLoggerUITests.swift */,
				A2554A7D2981674F00DFFF38 /* LootLoggerUITestsLaunchTests.swift */,
			);
			path = LootLoggerUITests;
			sourceTree = "<group>";
		};
/* End PBXGroup section */

/* Begin PBXNativeTarget section */
		A2554A562981674B00DFFF38 /* LootLogger */ = {
			isa = PBXNativeTarget;
			buildConfigurationList = A2554A812981674F00DFFF38 /* Build configuration list for PBXNativeTarget "LootLogger" */;
			buildPhases = (
				A2554A532981674B00DFFF38 /* Sources */,
				A2554A542981674B00DFFF38 /* Frameworks */,
				A2554A552981674B00DFFF38 /* Resources */,
			);
			buildRules = (
			);
			dependencies = (
			);
			name = LootLogger;
			productName = LootLogger;
			productReference = A2554A572981674B00DFFF38 /* LootLogger.app */;
			productType = "com.apple.product-type.application";
		};
		A2554A6C2981674F00DFFF38 /* LootLoggerTests */ = {
			isa = PBXNativeTarget;
			buildConfigurationList = A2554A842981674F00DFFF38 /* Build configuration list for PBXNativeTarget "LootLoggerTests" */;
			buildPhases = (
				A2554A692981674F00DFFF38 /* Sources */,
				A2554A6A2981674F00DFFF38 /* Frameworks */,
				A2554A6B2981674F00DFFF38 /* Resources */,
			);
			buildRules = (
			);
			dependencies = (
				A2554A6F2981674F00DFFF38 /* PBXTargetDependency */,
			);
			name = LootLoggerTests;
			productName = LootLoggerTests;
			productReference = A2554A6D2981674F00DFFF38 /* LootLoggerTests.xctest */;
			productType = "com.apple.product-type.bundle.unit-test";
		};
		A2554A762981674F00DFFF38 /* LootLoggerUITests */ = {
			isa = PBXNativeTarget;
			buildConfigurationList = A2554A872981674F00DFFF38 /* Build configuration list for PBXNativeTarget "LootLoggerUITests" */;
			buildPhases = (
				A2554A732981674F00DFFF38 /* Sources */,
				A2554A742981674F00DFFF38 /* Frameworks */,
				A2554A752981674F00DFFF38 /* Resources */,
			);
			buildRules = (
			);
			dependencies = (
				A2554A792981674F00DFFF38 /* PBXTargetDependency */,
			);
			name = LootLoggerUITests;
			productName = LootLoggerUITests;
			productReference = A2554A772981674F00DFFF38 /* LootLoggerUITests.xctest */;
			productType = "com.apple.product-type.bundle.ui-testing";
		};
/* End PBXNativeTarget section */

/* Begin PBXProject section */
		A2554A4F2981674B00DFFF38 /* Project object */ = {
			isa = PBXProject;
			attributes = {
				BuildIndependentTargetsInParallel = 1;
				LastSwiftUpdateCheck = 1420;
				LastUpgradeCheck = 1420;
				TargetAttributes = {
					A2554A562981674B00DFFF38 = {
						CreatedOnToolsVersion = 14.2;
					};
					A2554A6C2981674F00DFFF38 = {
						CreatedOnToolsVersion = 14.2;
						TestTargetID = A2554A562981674B00DFFF38;
					};
					A2554A762981674F00DFFF38 = {
						CreatedOnToolsVersion = 14.2;
						TestTargetID = A2554A562981674B00DFFF38;
					};
				};
			};
			buildConfigurationList = A2554A522981674B00DFFF38 /* Build configuration list for PBXProject "LootLogger" */;
			compatibilityVersion = "Xcode 14.0";
			developmentRegion = en;
			hasScannedForEncodings = 0;
			knownRegions = (
				en,
				Base,
			);
			mainGroup = A2554A4E2981674B00DFFF38;
			productRefGroup = A2554A582981674B00DFFF38 /* Products */;
			projectDirPath = "";
			projectRoot = "";
			targets = (
				A2554A562981674B00DFFF38 /* LootLogger */,
				A2554A6C2981674F00DFFF38 /* LootLoggerTests */,
				A2554A762981674F00DFFF38 /* LootLoggerUITests */,
			);
		};
/* End PBXProject section */

/* Begin PBXResourcesBuildPhase section */
		A2554A552981674B00DFFF38 /* Resources */ = {
			isa = PBXResourcesBuildPhase;
			buildActionMask = 2147483647;
			files = (
				A2554A672981674E00DFFF38 /* LaunchScreen.storyboard in Resources */,
				A2554A642981674E00DFFF38 /* Assets.xcassets in Resources */,
				A2554A622981674B00DFFF38 /* Main.storyboard in Resources */,
			);
			runOnlyForDeploymentPostprocessing = 0;
		};
		A2554A6B2981674F00DFFF38 /* Resources */ = {
			isa = PBXResourcesBuildPhase;
			buildActionMask = 2147483647;
			files = (
			);
			runOnlyForDeploymentPostprocessing = 0;
		};
		A2554A752981674F00DFFF38 /* Resources */ = {
			isa = PBXResourcesBuildPhase;
			buildActionMask = 2147483647;
			files = (
			);
			runOnlyForDeploymentPostprocessing = 0;
		};
/* End PBXResourcesBuildPhase section */

/* Begin PBXSourcesBuildPhase section */
		A2554A532981674B00DFFF38 /* Sources */ = {
			isa = PBXSourcesBuildPhase;
			buildActionMask = 2147483647;
			files = (
				A2554A8D2988199E00DFFF38 /* Item.swift in Sources */,
				A2554A8B2988125400DFFF38 /* ItemsViewController.swift in Sources */,
				A2A7895429901D4800657300 /* ItemCell.swift in Sources */,
				A2554A5B2981674B00DFFF38 /* AppDelegate.swift in Sources */,
				A2554A8F29881D7D00DFFF38 /* ItemStore.swift in Sources */,
				A26BA2DF2991CBDA00F3C69D /* DateChangeController.swift in Sources */,
				A2554A5D2981674B00DFFF38 /* SceneDelegate.swift in Sources */,
				A2F979DE2991593D00881A79 /* DetailViewController.swift in Sources */,
			);
			runOnlyForDeploymentPostprocessing = 0;
		};
		A2554A692981674F00DFFF38 /* Sources */ = {
			isa = PBXSourcesBuildPhase;
			buildActionMask = 2147483647;
			files = (
				A2554A722981674F00DFFF38 /* LootLoggerTests.swift in Sources */,
			);
			runOnlyForDeploymentPostprocessing = 0;
		};
		A2554A732981674F00DFFF38 /* Sources */ = {
			isa = PBXSourcesBuildPhase;
			buildActionMask = 2147483647;
			files = (
				A2554A7E2981674F00DFFF38 /* LootLoggerUITestsLaunchTests.swift in Sources */,
				A2554A7C2981674F00DFFF38 /* LootLoggerUITests.swift in Sources */,
			);
			runOnlyForDeploymentPostprocessing = 0;
		};
/* End PBXSourcesBuildPhase section */

/* Begin PBXTargetDependency section */
		A2554A6F2981674F00DFFF38 /* PBXTargetDependency */ = {
			isa = PBXTargetDependency;
			target = A2554A562981674B00DFFF38 /* LootLogger */;
			targetProxy = A2554A6E2981674F00DFFF38 /* PBXContainerItemProxy */;
		};
		A2554A792981674F00DFFF38 /* PBXTargetDependency */ = {
			isa = PBXTargetDependency;
			target = A2554A562981674B00DFFF38 /* LootLogger */;
			targetProxy = A2554A782981674F00DFFF38 /* PBXContainerItemProxy */;
		};
/* End PBXTargetDependency section */

/* Begin PBXVariantGroup section */
		A2554A602981674B00DFFF38 /* Main.storyboard */ = {
			isa = PBXVariantGroup;
			children = (
				A2554A612981674B00DFFF38 /* Base */,
			);
			name = Main.storyboard;
			sourceTree = "<group>";
		};
		A2554A652981674E00DFFF38 /* LaunchScreen.storyboard */ = {
			isa = PBXVariantGroup;
			children = (
				A2554A662981674E00DFFF38 /* Base */,
			);
			name = LaunchScreen.storyboard;
			sourceTree = "<group>";
		};
/* End PBXVariantGroup section */

/* Begin XCBuildConfiguration section */
		A2554A7F2981674F00DFFF38 /* Debug */ = {
			isa = XCBuildConfiguration;
			buildSettings = {
				ALWAYS_SEARCH_USER_PATHS = NO;
				CLANG_ANALYZER_NONNULL = YES;
				CLANG_ANALYZER_NUMBER_OBJECT_CONVERSION = YES_AGGRESSIVE;
				CLANG_CXX_LANGUAGE_STANDARD = "gnu++20";
				CLANG_ENABLE_MODULES = YES;
				CLANG_ENABLE_OBJC_ARC = YES;
				CLANG_ENABLE_OBJC_WEAK = YES;
				CLANG_WARN_BLOCK_CAPTURE_AUTORELEASING = YES;
				CLANG_WARN_BOOL_CONVERSION = YES;
				CLANG_WARN_COMMA = YES;
				CLANG_WARN_CONSTANT_CONVERSION = YES;
				CLANG_WARN_DEPRECATED_OBJC_IMPLEMENTATIONS = YES;
				CLANG_WARN_DIRECT_OBJC_ISA_USAGE = YES_ERROR;
				CLANG_WARN_DOCUMENTATION_COMMENTS = YES;
				CLANG_WARN_EMPTY_BODY = YES;
				CLANG_WARN_ENUM_CONVERSION = YES;
				CLANG_WARN_INFINITE_RECURSION = YES;
				CLANG_WARN_INT_CONVERSION = YES;
				CLANG_WARN_NON_LITERAL_NULL_CONVERSION = YES;
				CLANG_WARN_OBJC_IMPLICIT_RETAIN_SELF = YES;
				CLANG_WARN_OBJC_LITERAL_CONVERSION = YES;
				CLANG_WARN_OBJC_ROOT_CLASS = YES_ERROR;
				CLANG_WARN_QUOTED_INCLUDE_IN_FRAMEWORK_HEADER = YES;
				CLANG_WARN_RANGE_LOOP_ANALYSIS = YES;
				CLANG_WARN_STRICT_PROTOTYPES = YES;
				CLANG_WARN_SUSPICIOUS_MOVE = YES;
				CLANG_WARN_UNGUARDED_AVAILABILITY = YES_AGGRESSIVE;
				CLANG_WARN_UNREACHABLE_CODE = YES;
				CLANG_WARN__DUPLICATE_METHOD_MATCH = YES;
				COPY_PHASE_STRIP = NO;
				DEBUG_INFORMATION_FORMAT = dwarf;
				ENABLE_STRICT_OBJC_MSGSEND = YES;
				ENABLE_TESTABILITY = YES;
				GCC_C_LANGUAGE_STANDARD = gnu11;
				GCC_DYNAMIC_NO_PIC = NO;
				GCC_NO_COMMON_BLOCKS = YES;
				GCC_OPTIMIZATION_LEVEL = 0;
				GCC_PREPROCESSOR_DEFINITIONS = (
					"DEBUG=1",
					"$(inherited)",
				);
				GCC_WARN_64_TO_32_BIT_CONVERSION = YES;
				GCC_WARN_ABOUT_RETURN_TYPE = YES_ERROR;
				GCC_WARN_UNDECLARED_SELECTOR = YES;
				GCC_WARN_UNINITIALIZED_AUTOS = YES_AGGRESSIVE;
				GCC_WARN_UNUSED_FUNCTION = YES;
				GCC_WARN_UNUSED_VARIABLE = YES;
				IPHONEOS_DEPLOYMENT_TARGET = 16.2;
				MTL_ENABLE_DEBUG_INFO = INCLUDE_SOURCE;
				MTL_FAST_MATH = YES;
				ONLY_ACTIVE_ARCH = YES;
				SDKROOT = iphoneos;
				SWIFT_ACTIVE_COMPILATION_CONDITIONS = DEBUG;
				SWIFT_OPTIMIZATION_LEVEL = "-Onone";
			};
			name = Debug;
		};
		A2554A802981674F00DFFF38 /* Release */ = {
			isa = XCBuildConfiguration;
			buildSettings = {
				ALWAYS_SEARCH_USER_PATHS = NO;
				CLANG_ANALYZER_NONNULL = YES;
				CLANG_ANALYZER_NUMBER_OBJECT_CONVERSION = YES_AGGRESSIVE;
				CLANG_CXX_LANGUAGE_STANDARD = "gnu++20";
				CLANG_ENABLE_MODULES = YES;
				CLANG_ENABLE_OBJC_ARC = YES;
				CLANG_ENABLE_OBJC_WEAK = YES;
				CLANG_WARN_BLOCK_CAPTURE_AUTORELEASING = YES;
				CLANG_WARN_BOOL_CONVERSION = YES;
				CLANG_WARN_COMMA = YES;
				CLANG_WARN_CONSTANT_CONVERSION = YES;
				CLANG_WARN_DEPRECATED_OBJC_IMPLEMENTATIONS = YES;
				CLANG_WARN_DIRECT_OBJC_ISA_USAGE = YES_ERROR;
				CLANG_WARN_DOCUMENTATION_COMMENTS = YES;
				CLANG_WARN_EMPTY_BODY = YES;
				CLANG_WARN_ENUM_CONVERSION = YES;
				CLANG_WARN_INFINITE_RECURSION = YES;
				CLANG_WARN_INT_CONVERSION = YES;
				CLANG_WARN_NON_LITERAL_NULL_CONVERSION = YES;
				CLANG_WARN_OBJC_IMPLICIT_RETAIN_SELF = YES;
				CLANG_WARN_OBJC_LITERAL_CONVERSION = YES;
				CLANG_WARN_OBJC_ROOT_CLASS = YES_ERROR;
				CLANG_WARN_QUOTED_INCLUDE_IN_FRAMEWORK_HEADER = YES;
				CLANG_WARN_RANGE_LOOP_ANALYSIS = YES;
				CLANG_WARN_STRICT_PROTOTYPES = YES;
				CLANG_WARN_SUSPICIOUS_MOVE = YES;
				CLANG_WARN_UNGUARDED_AVAILABILITY = YES_AGGRESSIVE;
				CLANG_WARN_UNREACHABLE_CODE = YES;
				CLANG_WARN__DUPLICATE_METHOD_MATCH = YES;
				COPY_PHASE_STRIP = NO;
				DEBUG_INFORMATION_FORMAT = "dwarf-with-dsym";
				ENABLE_NS_ASSERTIONS = NO;
				ENABLE_STRICT_OBJC_MSGSEND = YES;
				GCC_C_LANGUAGE_STANDARD = gnu11;
				GCC_NO_COMMON_BLOCKS = YES;
				GCC_WARN_64_TO_32_BIT_CONVERSION = YES;
				GCC_WARN_ABOUT_RETURN_TYPE = YES_ERROR;
				GCC_WARN_UNDECLARED_SELECTOR = YES;
				GCC_WARN_UNINITIALIZED_AUTOS = YES_AGGRESSIVE;
				GCC_WARN_UNUSED_FUNCTION = YES;
				GCC_WARN_UNUSED_VARIABLE = YES;
				IPHONEOS_DEPLOYMENT_TARGET = 16.2;
				MTL_ENABLE_DEBUG_INFO = NO;
				MTL_FAST_MATH = YES;
				SDKROOT = iphoneos;
				SWIFT_COMPILATION_MODE = wholemodule;
				SWIFT_OPTIMIZATION_LEVEL = "-O";
				VALIDATE_PRODUCT = YES;
			};
			name = Release;
		};
		A2554A822981674F00DFFF38 /* Debug */ = {
			isa = XCBuildConfiguration;
			buildSettings = {
				ASSETCATALOG_COMPILER_APPICON_NAME = AppIcon;
				ASSETCATALOG_COMPILER_GLOBAL_ACCENT_COLOR_NAME = AccentColor;
				CODE_SIGN_STYLE = Automatic;
				CURRENT_PROJECT_VERSION = 1;
				DEVELOPMENT_TEAM = 6N6RG82H84;
				GENERATE_INFOPLIST_FILE = YES;
				INFOPLIST_FILE = LootLogger/Info.plist;
				INFOPLIST_KEY_NSCameraUsageDescription = "This app uses the camera to associate photos with items";
				INFOPLIST_KEY_UIApplicationSupportsIndirectInputEvents = YES;
				INFOPLIST_KEY_UILaunchStoryboardName = LaunchScreen;
				INFOPLIST_KEY_UIMainStoryboardFile = Main;
				INFOPLIST_KEY_UISupportedInterfaceOrientations_iPad = "UIInterfaceOrientationPortrait UIInterfaceOrientationPortraitUpsideDown UIInterfaceOrientationLandscapeLeft UIInterfaceOrientationLandscapeRight";
				INFOPLIST_KEY_UISupportedInterfaceOrientations_iPhone = "UIInterfaceOrientationPortrait UIInterfaceOrientationLandscapeLeft UIInterfaceOrientationLandscapeRight";
				IPHONEOS_DEPLOYMENT_TARGET = 16.0;
				LD_RUNPATH_SEARCH_PATHS = (
					"$(inherited)",
					"@executable_path/Frameworks",
				);
				MARKETING_VERSION = 1.0;
				PRODUCT_BUNDLE_IDENTIFIER = com.mochoaco.LootLogger;
				PRODUCT_NAME = "$(TARGET_NAME)";
				SWIFT_EMIT_LOC_STRINGS = YES;
				SWIFT_VERSION = 5.0;
				TARGETED_DEVICE_FAMILY = "1,2";
			};
			name = Debug;
		};
		A2554A832981674F00DFFF38 /* Release */ = {
			isa = XCBuildConfiguration;
			buildSettings = {
				ASSETCATALOG_COMPILER_APPICON_NAME = AppIcon;
				ASSETCATALOG_COMPILER_GLOBAL_ACCENT_COLOR_NAME = AccentColor;
				CODE_SIGN_STYLE = Automatic;
				CURRENT_PROJECT_VERSION = 1;
				DEVELOPMENT_TEAM = 6N6RG82H84;
				GENERATE_INFOPLIST_FILE = YES;
				INFOPLIST_FILE = LootLogger/Info.plist;
				INFOPLIST_KEY_NSCameraUsageDescription = "This app uses the camera to associate photos with items";
				INFOPLIST_KEY_UIApplicationSupportsIndirectInputEvents = YES;
				INFOPLIST_KEY_UILaunchStoryboardName = LaunchScreen;
				INFOPLIST_KEY_UIMainStoryboardFile = Main;
				INFOPLIST_KEY_UISupportedInterfaceOrientations_iPad = "UIInterfaceOrientationPortrait UIInterfaceOrientationPortraitUpsideDown UIInterfaceOrientationLandscapeLeft UIInterfaceOrientationLandscapeRight";
				INFOPLIST_KEY_UISupportedInterfaceOrientations_iPhone = "UIInterfaceOrientationPortrait UIInterfaceOrientationLandscapeLeft UIInterfaceOrientationLandscapeRight";
				IPHONEOS_DEPLOYMENT_TARGET = 16.0;
				LD_RUNPATH_SEARCH_PATHS = (
					"$(inherited)",
					"@executable_path/Frameworks",
				);
				MARKETING_VERSION = 1.0;
				PRODUCT_BUNDLE_IDENTIFIER = com.mochoaco.LootLogger;
				PRODUCT_NAME = "$(TARGET_NAME)";
				SWIFT_EMIT_LOC_STRINGS = YES;
				SWIFT_VERSION = 5.0;
				TARGETED_DEVICE_FAMILY = "1,2";
			};
			name = Release;
		};
		A2554A852981674F00DFFF38 /* Debug */ = {
			isa = XCBuildConfiguration;
			buildSettings = {
				ALWAYS_EMBED_SWIFT_STANDARD_LIBRARIES = YES;
				BUNDLE_LOADER = "$(TEST_HOST)";
				CODE_SIGN_STYLE = Automatic;
				CURRENT_PROJECT_VERSION = 1;
				DEVELOPMENT_TEAM = 6N6RG82H84;
				GENERATE_INFOPLIST_FILE = YES;
				IPHONEOS_DEPLOYMENT_TARGET = 16.2;
				MARKETING_VERSION = 1.0;
				PRODUCT_BUNDLE_IDENTIFIER = com.mochoaco.LootLoggerTests;
				PRODUCT_NAME = "$(TARGET_NAME)";
				SWIFT_EMIT_LOC_STRINGS = NO;
				SWIFT_VERSION = 5.0;
				TARGETED_DEVICE_FAMILY = "1,2";
				TEST_HOST = "$(BUILT_PRODUCTS_DIR)/LootLogger.app/$(BUNDLE_EXECUTABLE_FOLDER_PATH)/LootLogger";
			};
			name = Debug;
		};
		A2554A862981674F00DFFF38 /* Release */ = {
			isa = XCBuildConfiguration;
			buildSettings = {
				ALWAYS_EMBED_SWIFT_STANDARD_LIBRARIES = YES;
				BUNDLE_LOADER = "$(TEST_HOST)";
				CODE_SIGN_STYLE = Automatic;
				CURRENT_PROJECT_VERSION = 1;
				DEVELOPMENT_TEAM = 6N6RG82H84;
				GENERATE_INFOPLIST_FILE = YES;
				IPHONEOS_DEPLOYMENT_TARGET = 16.2;
				MARKETING_VERSION = 1.0;
				PRODUCT_BUNDLE_IDENTIFIER = com.mochoaco.LootLoggerTests;
				PRODUCT_NAME = "$(TARGET_NAME)";
				SWIFT_EMIT_LOC_STRINGS = NO;
				SWIFT_VERSION = 5.0;
				TARGETED_DEVICE_FAMILY = "1,2";
				TEST_HOST = "$(BUILT_PRODUCTS_DIR)/LootLogger.app/$(BUNDLE_EXECUTABLE_FOLDER_PATH)/LootLogger";
			};
			name = Release;
		};
		A2554A882981674F00DFFF38 /* Debug */ = {
			isa = XCBuildConfiguration;
			buildSettings = {
				ALWAYS_EMBED_SWIFT_STANDARD_LIBRARIES = YES;
				CODE_SIGN_STYLE = Automatic;
				CURRENT_PROJECT_VERSION = 1;
				DEVELOPMENT_TEAM = 6N6RG82H84;
				GENERATE_INFOPLIST_FILE = YES;
				MARKETING_VERSION = 1.0;
				PRODUCT_BUNDLE_IDENTIFIER = com.mochoaco.LootLoggerUITests;
				PRODUCT_NAME = "$(TARGET_NAME)";
				SWIFT_EMIT_LOC_STRINGS = NO;
				SWIFT_VERSION = 5.0;
				TARGETED_DEVICE_FAMILY = "1,2";
				TEST_TARGET_NAME = LootLogger;
			};
			name = Debug;
		};
		A2554A892981674F00DFFF38 /* Release */ = {
			isa = XCBuildConfiguration;
			buildSettings = {
				ALWAYS_EMBED_SWIFT_STANDARD_LIBRARIES = YES;
				CODE_SIGN_STYLE = Automatic;
				CURRENT_PROJECT_VERSION = 1;
				DEVELOPMENT_TEAM = 6N6RG82H84;
				GENERATE_INFOPLIST_FILE = YES;
				MARKETING_VERSION = 1.0;
				PRODUCT_BUNDLE_IDENTIFIER = com.mochoaco.LootLoggerUITests;
				PRODUCT_NAME = "$(TARGET_NAME)";
				SWIFT_EMIT_LOC_STRINGS = NO;
				SWIFT_VERSION = 5.0;
				TARGETED_DEVICE_FAMILY = "1,2";
				TEST_TARGET_NAME = LootLogger;
			};
			name = Release;
		};
/* End XCBuildConfiguration section */

/* Begin XCConfigurationList section */
		A2554A522981674B00DFFF38 /* Build configuration list for PBXProject "LootLogger" */ = {
			isa = XCConfigurationList;
			buildConfigurations = (
				A2554A7F2981674F00DFFF38 /* Debug */,
				A2554A802981674F00DFFF38 /* Release */,
			);
			defaultConfigurationIsVisible = 0;
			defaultConfigurationName = Release;
		};
		A2554A812981674F00DFFF38 /* Build configuration list for PBXNativeTarget "LootLogger" */ = {
			isa = XCConfigurationList;
			buildConfigurations = (
				A2554A822981674F00DFFF38 /* Debug */,
				A2554A832981674F00DFFF38 /* Release */,
			);
			defaultConfigurationIsVisible = 0;
			defaultConfigurationName = Release;
		};
		A2554A842981674F00DFFF38 /* Build configuration list for PBXNativeTarget "LootLoggerTests" */ = {
			isa = XCConfigurationList;
			buildConfigurations = (
				A2554A852981674F00DFFF38 /* Debug */,
				A2554A862981674F00DFFF38 /* Release */,
			);
			defaultConfigurationIsVisible = 0;
			defaultConfigurationName = Release;
		};
		A2554A872981674F00DFFF38 /* Build configuration list for PBXNativeTarget "LootLoggerUITests" */ = {
			isa = XCConfigurationList;
			buildConfigurations = (
				A2554A882981674F00DFFF38 /* Debug */,
				A2554A892981674F00DFFF38 /* Release */,
			);
			defaultConfigurationIsVisible = 0;
			defaultConfigurationName = Release;
		};
/* End XCConfigurationList section */
	};
	rootObject = A2554A4F2981674B00DFFF38 /* Project object */;
}
