// !$*UTF8*$!
{
	archiveVersion = 1;
	classes = {
	};
	objectVersion = 56;
	objects = {

/* Begin PBXBuildFile section */
		A21F62152947F9AB0065BA42 /* AppDelegate.swift in Sources */ = {isa = PBXBuildFile; fileRef = A21F62142947F9AB0065BA42 /* AppDelegate.swift */; };
		A21F62172947F9AB0065BA42 /* SceneDelegate.swift in Sources */ = {isa = PBXBuildFile; fileRef = A21F62162947F9AB0065BA42 /* SceneDelegate.swift */; };
		A21F62192947F9AB0065BA42 /* ConvertViewController.swift in Sources */ = {isa = PBXBuildFile; fileRef = A21F62182947F9AB0065BA42 /* ConvertViewController.swift */; };
		A21F621C2947F9AB0065BA42 /* Main.storyboard in Resources */ = {isa = PBXBuildFile; fileRef = A21F621A2947F9AB0065BA42 /* Main.storyboard */; };
		A21F621E2947F9AC0065BA42 /* Assets.xcassets in Resources */ = {isa = PBXBuildFile; fileRef = A21F621D2947F9AC0065BA42 /* Assets.xcassets */; };
		A21F62212947F9AC0065BA42 /* LaunchScreen.storyboard in Resources */ = {isa = PBXBuildFile; fileRef = A21F621F2947F9AC0065BA42 /* LaunchScreen.storyboard */; };
		A2554A05297F00E100DFFF38 /* Localizable.strings in Resources */ = {isa = PBXBuildFile; fileRef = A2554A07297F00E100DFFF38 /* Localizable.strings */; };
		A2554A0D297F321300DFFF38 /* InfoPlist.strings in Resources */ = {isa = PBXBuildFile; fileRef = A2554A0B297F321300DFFF38 /* InfoPlist.strings */; };
		A2E7D45A295DE1EA005A8668 /* CustomTextFieldDelegate.swift in Sources */ = {isa = PBXBuildFile; fileRef = A2E7D459295DE1EA005A8668 /* CustomTextFieldDelegate.swift */; };
		A2ECE07E297A369E00761E51 /* MapViewController.swift in Sources */ = {isa = PBXBuildFile; fileRef = A2ECE07D297A369E00761E51 /* MapViewController.swift */; };
/* End PBXBuildFile section */

/* Begin PBXFileReference section */
		A21F62112947F9AB0065BA42 /* Chapter-4-WorldTrotter.app */ = {isa = PBXFileReference; explicitFileType = wrapper.application; includeInIndex = 0; path = "Chapter-4-WorldTrotter.app"; sourceTree = BUILT_PRODUCTS_DIR; };
		A21F62142947F9AB0065BA42 /* AppDelegate.swift */ = {isa = PBXFileReference; lastKnownFileType = sourcecode.swift; path = AppDelegate.swift; sourceTree = "<group>"; };
		A21F62162947F9AB0065BA42 /* SceneDelegate.swift */ = {isa = PBXFileReference; lastKnownFileType = sourcecode.swift; path = SceneDelegate.swift; sourceTree = "<group>"; };
		A21F62182947F9AB0065BA42 /* ConvertViewController.swift */ = {isa = PBXFileReference; lastKnownFileType = sourcecode.swift; path = ConvertViewController.swift; sourceTree = "<group>"; };
		A21F621B2947F9AB0065BA42 /* Base */ = {isa = PBXFileReference; lastKnownFileType = file.storyboard; name = Base; path = Base.lproj/Main.storyboard; sourceTree = "<group>"; };
		A21F621D2947F9AC0065BA42 /* Assets.xcassets */ = {isa = PBXFileReference; lastKnownFileType = folder.assetcatalog; path = Assets.xcassets; sourceTree = "<group>"; };
		A21F62202947F9AC0065BA42 /* Base */ = {isa = PBXFileReference; lastKnownFileType = file.storyboard; name = Base; path = Base.lproj/LaunchScreen.storyboard; sourceTree = "<group>"; };
		A21F62222947F9AC0065BA42 /* Info.plist */ = {isa = PBXFileReference; lastKnownFileType = text.plist.xml; path = Info.plist; sourceTree = "<group>"; };
		A2554A01297EF81B00DFFF38 /* en */ = {isa = PBXFileReference; lastKnownFileType = text.plist.strings; name = en; path = en.lproj/Main.strings; sourceTree = "<group>"; };
		A2554A02297EF8AF00DFFF38 /* es */ = {isa = PBXFileReference; lastKnownFileType = text.plist.strings; name = es; path = es.lproj/Main.strings; sourceTree = "<group>"; };
		A2554A06297F00E100DFFF38 /* es */ = {isa = PBXFileReference; lastKnownFileType = text.plist.strings; name = es; path = es.lproj/Localizable.strings; sourceTree = "<group>"; };
		A2554A08297F010E00DFFF38 /* en */ = {isa = PBXFileReference; lastKnownFileType = text.plist.strings; name = en; path = en.lproj/Localizable.strings; sourceTree = "<group>"; };
		A2554A0C297F321300DFFF38 /* es */ = {isa = PBXFileReference; lastKnownFileType = text.plist.strings; name = es; path = es.lproj/InfoPlist.strings; sourceTree = "<group>"; };
		A2554A0E297F325000DFFF38 /* en */ = {isa = PBXFileReference; lastKnownFileType = text.plist.strings; name = en; path = en.lproj/InfoPlist.strings; sourceTree = "<group>"; };
		A2554A0F297FE4F900DFFF38 /* de */ = {isa = PBXFileReference; lastKnownFileType = text.plist.strings; name = de; path = de.lproj/Main.strings; sourceTree = "<group>"; };
		A2554A10297FE4F900DFFF38 /* de */ = {isa = PBXFileReference; lastKnownFileType = text.plist.strings; name = de; path = de.lproj/Localizable.strings; sourceTree = "<group>"; };
		A2554A11297FE4F900DFFF38 /* de */ = {isa = PBXFileReference; lastKnownFileType = text.plist.strings; name = de; path = de.lproj/InfoPlist.strings; sourceTree = "<group>"; };
		A2E7D459295DE1EA005A8668 /* CustomTextFieldDelegate.swift */ = {isa = PBXFileReference; lastKnownFileType = sourcecode.swift; path = CustomTextFieldDelegate.swift; sourceTree = "<group>"; };
		A2ECE07D297A369E00761E51 /* MapViewController.swift */ = {isa = PBXFileReference; lastKnownFileType = sourcecode.swift; path = MapViewController.swift; sourceTree = "<group>"; };
/* End PBXFileReference section */

/* Begin PBXFrameworksBuildPhase section */
		A21F620E2947F9AB0065BA42 /* Frameworks */ = {
			isa = PBXFrameworksBuildPhase;
			buildActionMask = 2147483647;
			files = (
			);
			runOnlyForDeploymentPostprocessing = 0;
		};
/* End PBXFrameworksBuildPhase section */

/* Begin PBXGroup section */
		A21F62082947F9AB0065BA42 = {
			isa = PBXGroup;
			children = (
				A21F62132947F9AB0065BA42 /* Chapter-4-WorldTrotter */,
				A21F62122947F9AB0065BA42 /* Products */,
			);
			sourceTree = "<group>";
		};
		A21F62122947F9AB0065BA42 /* Products */ = {
			isa = PBXGroup;
			children = (
				A21F62112947F9AB0065BA42 /* Chapter-4-WorldTrotter.app */,
			);
			name = Products;
			sourceTree = "<group>";
		};
		A21F62132947F9AB0065BA42 /* Chapter-4-WorldTrotter */ = {
			isa = PBXGroup;
			children = (
				A21F62142947F9AB0065BA42 /* AppDelegate.swift */,
				A21F62162947F9AB0065BA42 /* SceneDelegate.swift */,
				A21F62182947F9AB0065BA42 /* ConvertViewController.swift */,
				A2E7D459295DE1EA005A8668 /* CustomTextFieldDelegate.swift */,
				A21F621A2947F9AB0065BA42 /* Main.storyboard */,
				A2ECE07D297A369E00761E51 /* MapViewController.swift */,
				A2554A07297F00E100DFFF38 /* Localizable.strings */,
				A21F621D2947F9AC0065BA42 /* Assets.xcassets */,
				A21F621F2947F9AC0065BA42 /* LaunchScreen.storyboard */,
				A21F62222947F9AC0065BA42 /* Info.plist */,
				A2554A0B297F321300DFFF38 /* InfoPlist.strings */,
			);
			path = "Chapter-4-WorldTrotter";
			sourceTree = "<group>";
		};
/* End PBXGroup section */

/* Begin PBXNativeTarget section */
		A21F62102947F9AB0065BA42 /* Chapter-4-WorldTrotter */ = {
			isa = PBXNativeTarget;
			buildConfigurationList = A21F62252947F9AC0065BA42 /* Build configuration list for PBXNativeTarget "Chapter-4-WorldTrotter" */;
			buildPhases = (
				A21F620D2947F9AB0065BA42 /* Sources */,
				A21F620E2947F9AB0065BA42 /* Frameworks */,
				A21F620F2947F9AB0065BA42 /* Resources */,
			);
			buildRules = (
			);
			dependencies = (
			);
			name = "Chapter-4-WorldTrotter";
			productName = "Chapter-3-WorldTrotter";
			productReference = A21F62112947F9AB0065BA42 /* Chapter-4-WorldTrotter.app */;
			productType = "com.apple.product-type.application";
		};
/* End PBXNativeTarget section */

/* Begin PBXProject section */
		A21F62092947F9AB0065BA42 /* Project object */ = {
			isa = PBXProject;
			attributes = {
				BuildIndependentTargetsInParallel = 1;
				LastSwiftUpdateCheck = 1410;
				LastUpgradeCheck = 1410;
				TargetAttributes = {
					A21F62102947F9AB0065BA42 = {
						CreatedOnToolsVersion = 14.1;
					};
				};
			};
			buildConfigurationList = A21F620C2947F9AB0065BA42 /* Build configuration list for PBXProject "Chapter-4-WorldTrotter" */;
			compatibilityVersion = "Xcode 14.0";
			developmentRegion = en;
			hasScannedForEncodings = 0;
			knownRegions = (
				en,
				Base,
				es,
				de,
			);
			mainGroup = A21F62082947F9AB0065BA42;
			productRefGroup = A21F62122947F9AB0065BA42 /* Products */;
			projectDirPath = "";
			projectRoot = "";
			targets = (
				A21F62102947F9AB0065BA42 /* Chapter-4-WorldTrotter */,
			);
		};
/* End PBXProject section */

/* Begin PBXResourcesBuildPhase section */
		A21F620F2947F9AB0065BA42 /* Resources */ = {
			isa = PBXResourcesBuildPhase;
			buildActionMask = 2147483647;
			files = (
				A21F62212947F9AC0065BA42 /* LaunchScreen.storyboard in Resources */,
				A2554A05297F00E100DFFF38 /* Localizable.strings in Resources */,
				A21F621E2947F9AC0065BA42 /* Assets.xcassets in Resources */,
				A21F621C2947F9AB0065BA42 /* Main.storyboard in Resources */,
				A2554A0D297F321300DFFF38 /* InfoPlist.strings in Resources */,
			);
			runOnlyForDeploymentPostprocessing = 0;
		};
/* End PBXResourcesBuildPhase section */

/* Begin PBXSourcesBuildPhase section */
		A21F620D2947F9AB0065BA42 /* Sources */ = {
			isa = PBXSourcesBuildPhase;
			buildActionMask = 2147483647;
			files = (
				A21F62192947F9AB0065BA42 /* ConvertViewController.swift in Sources */,
				A21F62152947F9AB0065BA42 /* AppDelegate.swift in Sources */,
				A2E7D45A295DE1EA005A8668 /* CustomTextFieldDelegate.swift in Sources */,
				A2ECE07E297A369E00761E51 /* MapViewController.swift in Sources */,
				A21F62172947F9AB0065BA42 /* SceneDelegate.swift in Sources */,
			);
			runOnlyForDeploymentPostprocessing = 0;
		};
/* End PBXSourcesBuildPhase section */

/* Begin PBXVariantGroup section */
		A21F621A2947F9AB0065BA42 /* Main.storyboard */ = {
			isa = PBXVariantGroup;
			children = (
				A21F621B2947F9AB0065BA42 /* Base */,
				A2554A01297EF81B00DFFF38 /* en */,
				A2554A02297EF8AF00DFFF38 /* es */,
				A2554A0F297FE4F900DFFF38 /* de */,
			);
			name = Main.storyboard;
			sourceTree = "<group>";
		};
		A21F621F2947F9AC0065BA42 /* LaunchScreen.storyboard */ = {
			isa = PBXVariantGroup;
			children = (
				A21F62202947F9AC0065BA42 /* Base */,
			);
			name = LaunchScreen.storyboard;
			sourceTree = "<group>";
		};
		A2554A07297F00E100DFFF38 /* Localizable.strings */ = {
			isa = PBXVariantGroup;
			children = (
				A2554A06297F00E100DFFF38 /* es */,
				A2554A08297F010E00DFFF38 /* en */,
				A2554A10297FE4F900DFFF38 /* de */,
			);
			name = Localizable.strings;
			sourceTree = "<group>";
		};
		A2554A0B297F321300DFFF38 /* InfoPlist.strings */ = {
			isa = PBXVariantGroup;
			children = (
				A2554A0C297F321300DFFF38 /* es */,
				A2554A0E297F325000DFFF38 /* en */,
				A2554A11297FE4F900DFFF38 /* de */,
			);
			name = InfoPlist.strings;
			sourceTree = "<group>";
		};
/* End PBXVariantGroup section */

/* Begin XCBuildConfiguration section */
		A21F62232947F9AC0065BA42 /* Debug */ = {
			isa = XCBuildConfiguration;
			buildSettings = {
				ALWAYS_SEARCH_USER_PATHS = NO;
				CLANG_ANALYZER_LOCALIZABILITY_NONLOCALIZED = YES;
				CLANG_ANALYZER_NONNULL = YES;
				CLANG_ANALYZER_NUMBER_OBJECT_CONVERSION = YES_AGGRESSIVE;
				CLANG_CXX_LANGUAGE_STANDARD = "gnu++20";
				CLANG_ENABLE_MODULES = YES;
				CLANG_ENABLE_OBJC_ARC = YES;
				CLANG_ENABLE_OBJC_WEAK = YES;
				CLANG_WARN_BLOCK_CAPTURE_AUTORELEASING = YES;
				CLANG_WARN_BOOL_CONVERSION = YES;
				CLANG_WARN_COMMA = YES;
				CLANG_WARN_CONSTANT_CONVERSION = YES;
				CLANG_WARN_DEPRECATED_OBJC_IMPLEMENTATIONS = YES;
				CLANG_WARN_DIRECT_OBJC_ISA_USAGE = YES_ERROR;
				CLANG_WARN_DOCUMENTATION_COMMENTS = YES;
				CLANG_WARN_EMPTY_BODY = YES;
				CLANG_WARN_ENUM_CONVERSION = YES;
				CLANG_WARN_INFINITE_RECURSION = YES;
				CLANG_WARN_INT_CONVERSION = YES;
				CLANG_WARN_NON_LITERAL_NULL_CONVERSION = YES;
				CLANG_WARN_OBJC_IMPLICIT_RETAIN_SELF = YES;
				CLANG_WARN_OBJC_LITERAL_CONVERSION = YES;
				CLANG_WARN_OBJC_ROOT_CLASS = YES_ERROR;
				CLANG_WARN_QUOTED_INCLUDE_IN_FRAMEWORK_HEADER = YES;
				CLANG_WARN_RANGE_LOOP_ANALYSIS = YES;
				CLANG_WARN_STRICT_PROTOTYPES = YES;
				CLANG_WARN_SUSPICIOUS_MOVE = YES;
				CLANG_WARN_UNGUARDED_AVAILABILITY = YES_AGGRESSIVE;
				CLANG_WARN_UNREACHABLE_CODE = YES;
				CLANG_WARN__DUPLICATE_METHOD_MATCH = YES;
				COPY_PHASE_STRIP = NO;
				DEBUG_INFORMATION_FORMAT = dwarf;
				ENABLE_STRICT_OBJC_MSGSEND = YES;
				ENABLE_TESTABILITY = YES;
				GCC_C_LANGUAGE_STANDARD = gnu11;
				GCC_DYNAMIC_NO_PIC = NO;
				GCC_NO_COMMON_BLOCKS = YES;
				GCC_OPTIMIZATION_LEVEL = 0;
				GCC_PREPROCESSOR_DEFINITIONS = (
					"DEBUG=1",
					"$(inherited)",
				);
				GCC_WARN_64_TO_32_BIT_CONVERSION = YES;
				GCC_WARN_ABOUT_RETURN_TYPE = YES_ERROR;
				GCC_WARN_UNDECLARED_SELECTOR = YES;
				GCC_WARN_UNINITIALIZED_AUTOS = YES_AGGRESSIVE;
				GCC_WARN_UNUSED_FUNCTION = YES;
				GCC_WARN_UNUSED_VARIABLE = YES;
				IPHONEOS_DEPLOYMENT_TARGET = 16.1;
				MTL_ENABLE_DEBUG_INFO = INCLUDE_SOURCE;
				MTL_FAST_MATH = YES;
				ONLY_ACTIVE_ARCH = YES;
				SDKROOT = iphoneos;
				SWIFT_ACTIVE_COMPILATION_CONDITIONS = DEBUG;
				SWIFT_OPTIMIZATION_LEVEL = "-Onone";
			};
			name = Debug;
		};
		A21F62242947F9AC0065BA42 /* Release */ = {
			isa = XCBuildConfiguration;
			buildSettings = {
				ALWAYS_SEARCH_USER_PATHS = NO;
				CLANG_ANALYZER_LOCALIZABILITY_NONLOCALIZED = YES;
				CLANG_ANALYZER_NONNULL = YES;
				CLANG_ANALYZER_NUMBER_OBJECT_CONVERSION = YES_AGGRESSIVE;
				CLANG_CXX_LANGUAGE_STANDARD = "gnu++20";
				CLANG_ENABLE_MODULES = YES;
				CLANG_ENABLE_OBJC_ARC = YES;
				CLANG_ENABLE_OBJC_WEAK = YES;
				CLANG_WARN_BLOCK_CAPTURE_AUTORELEASING = YES;
				CLANG_WARN_BOOL_CONVERSION = YES;
				CLANG_WARN_COMMA = YES;
				CLANG_WARN_CONSTANT_CONVERSION = YES;
				CLANG_WARN_DEPRECATED_OBJC_IMPLEMENTATIONS = YES;
				CLANG_WARN_DIRECT_OBJC_ISA_USAGE = YES_ERROR;
				CLANG_WARN_DOCUMENTATION_COMMENTS = YES;
				CLANG_WARN_EMPTY_BODY = YES;
				CLANG_WARN_ENUM_CONVERSION = YES;
				CLANG_WARN_INFINITE_RECURSION = YES;
				CLANG_WARN_INT_CONVERSION = YES;
				CLANG_WARN_NON_LITERAL_NULL_CONVERSION = YES;
				CLANG_WARN_OBJC_IMPLICIT_RETAIN_SELF = YES;
				CLANG_WARN_OBJC_LITERAL_CONVERSION = YES;
				CLANG_WARN_OBJC_ROOT_CLASS = YES_ERROR;
				CLANG_WARN_QUOTED_INCLUDE_IN_FRAMEWORK_HEADER = YES;
				CLANG_WARN_RANGE_LOOP_ANALYSIS = YES;
				CLANG_WARN_STRICT_PROTOTYPES = YES;
				CLANG_WARN_SUSPICIOUS_MOVE = YES;
				CLANG_WARN_UNGUARDED_AVAILABILITY = YES_AGGRESSIVE;
				CLANG_WARN_UNREACHABLE_CODE = YES;
				CLANG_WARN__DUPLICATE_METHOD_MATCH = YES;
				COPY_PHASE_STRIP = NO;
				DEBUG_INFORMATION_FORMAT = "dwarf-with-dsym";
				ENABLE_NS_ASSERTIONS = NO;
				ENABLE_STRICT_OBJC_MSGSEND = YES;
				GCC_C_LANGUAGE_STANDARD = gnu11;
				GCC_NO_COMMON_BLOCKS = YES;
				GCC_WARN_64_TO_32_BIT_CONVERSION = YES;
				GCC_WARN_ABOUT_RETURN_TYPE = YES_ERROR;
				GCC_WARN_UNDECLARED_SELECTOR = YES;
				GCC_WARN_UNINITIALIZED_AUTOS = YES_AGGRESSIVE;
				GCC_WARN_UNUSED_FUNCTION = YES;
				GCC_WARN_UNUSED_VARIABLE = YES;
				IPHONEOS_DEPLOYMENT_TARGET = 16.1;
				MTL_ENABLE_DEBUG_INFO = NO;
				MTL_FAST_MATH = YES;
				SDKROOT = iphoneos;
				SWIFT_COMPILATION_MODE = wholemodule;
				SWIFT_OPTIMIZATION_LEVEL = "-O";
				VALIDATE_PRODUCT = YES;
			};
			name = Release;
		};
		A21F62262947F9AC0065BA42 /* Debug */ = {
			isa = XCBuildConfiguration;
			buildSettings = {
				ASSETCATALOG_COMPILER_APPICON_NAME = AppIcon;
				ASSETCATALOG_COMPILER_GLOBAL_ACCENT_COLOR_NAME = AccentColor;
				CODE_SIGN_STYLE = Automatic;
				CURRENT_PROJECT_VERSION = 1;
				DEVELOPMENT_TEAM = 6N6RG82H84;
				GENERATE_INFOPLIST_FILE = YES;
				INFOPLIST_FILE = "Chapter-4-WorldTrotter/Info.plist";
				INFOPLIST_KEY_UIApplicationSupportsIndirectInputEvents = YES;
				INFOPLIST_KEY_UILaunchStoryboardName = LaunchScreen;
				INFOPLIST_KEY_UIMainStoryboardFile = Main;
				INFOPLIST_KEY_UISupportedInterfaceOrientations_iPad = "UIInterfaceOrientationPortrait UIInterfaceOrientationPortraitUpsideDown UIInterfaceOrientationLandscapeLeft UIInterfaceOrientationLandscapeRight";
				INFOPLIST_KEY_UISupportedInterfaceOrientations_iPhone = "UIInterfaceOrientationPortrait UIInterfaceOrientationLandscapeLeft UIInterfaceOrientationLandscapeRight";
				LD_RUNPATH_SEARCH_PATHS = (
					"$(inherited)",
					"@executable_path/Frameworks",
				);
				MARKETING_VERSION = 1.0;
				PRODUCT_BUNDLE_IDENTIFIER = "com.mochoaco.Chapter-4-WorldTrotter";
				PRODUCT_NAME = "$(TARGET_NAME)";
				SWIFT_EMIT_LOC_STRINGS = YES;
				SWIFT_VERSION = 5.0;
				TARGETED_DEVICE_FAMILY = "1,2";
			};
			name = Debug;
		};
		A21F62272947F9AC0065BA42 /* Release */ = {
			isa = XCBuildConfiguration;
			buildSettings = {
				ASSETCATALOG_COMPILER_APPICON_NAME = AppIcon;
				ASSETCATALOG_COMPILER_GLOBAL_ACCENT_COLOR_NAME = AccentColor;
				CODE_SIGN_STYLE = Automatic;
				CURRENT_PROJECT_VERSION = 1;
				DEVELOPMENT_TEAM = 6N6RG82H84;
				GENERATE_INFOPLIST_FILE = YES;
				INFOPLIST_FILE = "Chapter-4-WorldTrotter/Info.plist";
				INFOPLIST_KEY_UIApplicationSupportsIndirectInputEvents = YES;
				INFOPLIST_KEY_UILaunchStoryboardName = LaunchScreen;
				INFOPLIST_KEY_UIMainStoryboardFile = Main;
				INFOPLIST_KEY_UISupportedInterfaceOrientations_iPad = "UIInterfaceOrientationPortrait UIInterfaceOrientationPortraitUpsideDown UIInterfaceOrientationLandscapeLeft UIInterfaceOrientationLandscapeRight";
				INFOPLIST_KEY_UISupportedInterfaceOrientations_iPhone = "UIInterfaceOrientationPortrait UIInterfaceOrientationLandscapeLeft UIInterfaceOrientationLandscapeRight";
				LD_RUNPATH_SEARCH_PATHS = (
					"$(inherited)",
					"@executable_path/Frameworks",
				);
				MARKETING_VERSION = 1.0;
				PRODUCT_BUNDLE_IDENTIFIER = "com.mochoaco.Chapter-4-WorldTrotter";
				PRODUCT_NAME = "$(TARGET_NAME)";
				SWIFT_EMIT_LOC_STRINGS = YES;
				SWIFT_VERSION = 5.0;
				TARGETED_DEVICE_FAMILY = "1,2";
			};
			name = Release;
		};
/* End XCBuildConfiguration section */

/* Begin XCConfigurationList section */
		A21F620C2947F9AB0065BA42 /* Build configuration list for PBXProject "Chapter-4-WorldTrotter" */ = {
			isa = XCConfigurationList;
			buildConfigurations = (
				A21F62232947F9AC0065BA42 /* Debug */,
				A21F62242947F9AC0065BA42 /* Release */,
			);
			defaultConfigurationIsVisible = 0;
			defaultConfigurationName = Release;
		};
		A21F62252947F9AC0065BA42 /* Build configuration list for PBXNativeTarget "Chapter-4-WorldTrotter" */ = {
			isa = XCConfigurationList;
			buildConfigurations = (
				A21F62262947F9AC0065BA42 /* Debug */,
				A21F62272947F9AC0065BA42 /* Release */,
			);
			defaultConfigurationIsVisible = 0;
			defaultConfigurationName = Release;
		};
/* End XCConfigurationList section */
	};
	rootObject = A21F62092947F9AB0065BA42 /* Project object */;
}
