// !$*UTF8*$!
{
	archiveVersion = 1;
	classes = {
	};
	objectVersion = 56;
	objects = {

/* Begin PBXBuildFile section */
		A260F15E29CBA58C003D40D6 /* PhotoCollectionViewCell.swift in Sources */ = {isa = PBXBuildFile; fileRef = A260F15D29CBA58C003D40D6 /* PhotoCollectionViewCell.swift */; };
		A2BD9E3C29B7C793003BCFDB /* AppDelegate.swift in Sources */ = {isa = PBXBuildFile; fileRef = A2BD9E3B29B7C793003BCFDB /* AppDelegate.swift */; };
		A2BD9E3E29B7C793003BCFDB /* SceneDelegate.swift in Sources */ = {isa = PBXBuildFile; fileRef = A2BD9E3D29B7C793003BCFDB /* SceneDelegate.swift */; };
		A2BD9E4029B7C793003BCFDB /* PhotosViewController.swift in Sources */ = {isa = PBXBuildFile; fileRef = A2BD9E3F29B7C793003BCFDB /* PhotosViewController.swift */; };
		A2BD9E4329B7C793003BCFDB /* Main.storyboard in Resources */ = {isa = PBXBuildFile; fileRef = A2BD9E4129B7C793003BCFDB /* Main.storyboard */; };
		A2BD9E4529B7C795003BCFDB /* Assets.xcassets in Resources */ = {isa = PBXBuildFile; fileRef = A2BD9E4429B7C795003BCFDB /* Assets.xcassets */; };
		A2BD9E4829B7C795003BCFDB /* LaunchScreen.storyboard in Resources */ = {isa = PBXBuildFile; fileRef = A2BD9E4629B7C795003BCFDB /* LaunchScreen.storyboard */; };
		A2BD9E5329B7C796003BCFDB /* PhotoramaTests.swift in Sources */ = {isa = PBXBuildFile; fileRef = A2BD9E5229B7C796003BCFDB /* PhotoramaTests.swift */; };
		A2BD9E5D29B7C796003BCFDB /* PhotoramaUITests.swift in Sources */ = {isa = PBXBuildFile; fileRef = A2BD9E5C29B7C796003BCFDB /* PhotoramaUITests.swift */; };
		A2BD9E5F29B7C796003BCFDB /* PhotoramaUITestsLaunchTests.swift in Sources */ = {isa = PBXBuildFile; fileRef = A2BD9E5E29B7C796003BCFDB /* PhotoramaUITestsLaunchTests.swift */; };
		A2BD9E6C29B80762003BCFDB /* FlickrAPI.swift in Sources */ = {isa = PBXBuildFile; fileRef = A2BD9E6B29B80762003BCFDB /* FlickrAPI.swift */; };
		A2BD9E6E29B80CF9003BCFDB /* PhotoStore.swift in Sources */ = {isa = PBXBuildFile; fileRef = A2BD9E6D29B80CF9003BCFDB /* PhotoStore.swift */; };
		A2BD9E7029B91A6B003BCFDB /* Photo.swift in Sources */ = {isa = PBXBuildFile; fileRef = A2BD9E6F29B91A6B003BCFDB /* Photo.swift */; };
		A2BD9E7229CB9B43003BCFDB /* PhotoDataSource.swift in Sources */ = {isa = PBXBuildFile; fileRef = A2BD9E7129CB9B43003BCFDB /* PhotoDataSource.swift */; };
/* End PBXBuildFile section */

/* Begin PBXContainerItemProxy section */
		A2BD9E4F29B7C795003BCFDB /* PBXContainerItemProxy */ = {
			isa = PBXContainerItemProxy;
			containerPortal = A2BD9E3029B7C793003BCFDB /* Project object */;
			proxyType = 1;
			remoteGlobalIDString = A2BD9E3729B7C793003BCFDB;
			remoteInfo = Photorama;
		};
		A2BD9E5929B7C796003BCFDB /* PBXContainerItemProxy */ = {
			isa = PBXContainerItemProxy;
			containerPortal = A2BD9E3029B7C793003BCFDB /* Project object */;
			proxyType = 1;
			remoteGlobalIDString = A2BD9E3729B7C793003BCFDB;
			remoteInfo = Photorama;
		};
/* End PBXContainerItemProxy section */

/* Begin PBXFileReference section */
		A260F15D29CBA58C003D40D6 /* PhotoCollectionViewCell.swift */ = {isa = PBXFileReference; lastKnownFileType = sourcecode.swift; path = PhotoCollectionViewCell.swift; sourceTree = "<group>"; };
		A2BD9E3829B7C793003BCFDB /* Photorama.app */ = {isa = PBXFileReference; explicitFileType = wrapper.application; includeInIndex = 0; path = Photorama.app; sourceTree = BUILT_PRODUCTS_DIR; };
		A2BD9E3B29B7C793003BCFDB /* AppDelegate.swift */ = {isa = PBXFileReference; lastKnownFileType = sourcecode.swift; path = AppDelegate.swift; sourceTree = "<group>"; };
		A2BD9E3D29B7C793003BCFDB /* SceneDelegate.swift */ = {isa = PBXFileReference; lastKnownFileType = sourcecode.swift; path = SceneDelegate.swift; sourceTree = "<group>"; };
		A2BD9E3F29B7C793003BCFDB /* PhotosViewController.swift */ = {isa = PBXFileReference; lastKnownFileType = sourcecode.swift; path = PhotosViewController.swift; sourceTree = "<group>"; };
		A2BD9E4229B7C793003BCFDB /* Base */ = {isa = PBXFileReference; lastKnownFileType = file.storyboard; name = Base; path = Base.lproj/Main.storyboard; sourceTree = "<group>"; };
		A2BD9E4429B7C795003BCFDB /* Assets.xcassets */ = {isa = PBXFileReference; lastKnownFileType = folder.assetcatalog; path = Assets.xcassets; sourceTree = "<group>"; };
		A2BD9E4729B7C795003BCFDB /* Base */ = {isa = PBXFileReference; lastKnownFileType = file.storyboard; name = Base; path = Base.lproj/LaunchScreen.storyboard; sourceTree = "<group>"; };
		A2BD9E4929B7C795003BCFDB /* Info.plist */ = {isa = PBXFileReference; lastKnownFileType = text.plist.xml; path = Info.plist; sourceTree = "<group>"; };
		A2BD9E4E29B7C795003BCFDB /* PhotoramaTests.xctest */ = {isa = PBXFileReference; explicitFileType = wrapper.cfbundle; includeInIndex = 0; path = PhotoramaTests.xctest; sourceTree = BUILT_PRODUCTS_DIR; };
		A2BD9E5229B7C796003BCFDB /* PhotoramaTests.swift */ = {isa = PBXFileReference; lastKnownFileType = sourcecode.swift; path = PhotoramaTests.swift; sourceTree = "<group>"; };
		A2BD9E5829B7C796003BCFDB /* PhotoramaUITests.xctest */ = {isa = PBXFileReference; explicitFileType = wrapper.cfbundle; includeInIndex = 0; path = PhotoramaUITests.xctest; sourceTree = BUILT_PRODUCTS_DIR; };
		A2BD9E5C29B7C796003BCFDB /* PhotoramaUITests.swift */ = {isa = PBXFileReference; lastKnownFileType = sourcecode.swift; path = PhotoramaUITests.swift; sourceTree = "<group>"; };
		A2BD9E5E29B7C796003BCFDB /* PhotoramaUITestsLaunchTests.swift */ = {isa = PBXFileReference; lastKnownFileType = sourcecode.swift; path = PhotoramaUITestsLaunchTests.swift; sourceTree = "<group>"; };
		A2BD9E6B29B80762003BCFDB /* FlickrAPI.swift */ = {isa = PBXFileReference; lastKnownFileType = sourcecode.swift; path = FlickrAPI.swift; sourceTree = "<group>"; };
		A2BD9E6D29B80CF9003BCFDB /* PhotoStore.swift */ = {isa = PBXFileReference; lastKnownFileType = sourcecode.swift; path = PhotoStore.swift; sourceTree = "<group>"; };
		A2BD9E6F29B91A6B003BCFDB /* Photo.swift */ = {isa = PBXFileReference; lastKnownFileType = sourcecode.swift; path = Photo.swift; sourceTree = "<group>"; };
		A2BD9E7129CB9B43003BCFDB /* PhotoDataSource.swift */ = {isa = PBXFileReference; lastKnownFileType = sourcecode.swift; path = PhotoDataSource.swift; sourceTree = "<group>"; };
/* End PBXFileReference section */

/* Begin PBXFrameworksBuildPhase section */
		A2BD9E3529B7C793003BCFDB /* Frameworks */ = {
			isa = PBXFrameworksBuildPhase;
			buildActionMask = 2147483647;
			files = (
			);
			runOnlyForDeploymentPostprocessing = 0;
		};
		A2BD9E4B29B7C795003BCFDB /* Frameworks */ = {
			isa = PBXFrameworksBuildPhase;
			buildActionMask = 2147483647;
			files = (
			);
			runOnlyForDeploymentPostprocessing = 0;
		};
		A2BD9E5529B7C796003BCFDB /* Frameworks */ = {
			isa = PBXFrameworksBuildPhase;
			buildActionMask = 2147483647;
			files = (
			);
			runOnlyForDeploymentPostprocessing = 0;
		};
/* End PBXFrameworksBuildPhase section */

/* Begin PBXGroup section */
		A2BD9E2F29B7C793003BCFDB = {
			isa = PBXGroup;
			children = (
				A2BD9E3A29B7C793003BCFDB /* Photorama */,
				A2BD9E5129B7C796003BCFDB /* PhotoramaTests */,
				A2BD9E5B29B7C796003BCFDB /* PhotoramaUITests */,
				A2BD9E3929B7C793003BCFDB /* Products */,
			);
			sourceTree = "<group>";
		};
		A2BD9E3929B7C793003BCFDB /* Products */ = {
			isa = PBXGroup;
			children = (
				A2BD9E3829B7C793003BCFDB /* Photorama.app */,
				A2BD9E4E29B7C795003BCFDB /* PhotoramaTests.xctest */,
				A2BD9E5829B7C796003BCFDB /* PhotoramaUITests.xctest */,
			);
			name = Products;
			sourceTree = "<group>";
		};
		A2BD9E3A29B7C793003BCFDB /* Photorama */ = {
			isa = PBXGroup;
			children = (
				A2BD9E3B29B7C793003BCFDB /* AppDelegate.swift */,
				A2BD9E3D29B7C793003BCFDB /* SceneDelegate.swift */,
				A2BD9E3F29B7C793003BCFDB /* PhotosViewController.swift */,
				A2BD9E4129B7C793003BCFDB /* Main.storyboard */,
				A2BD9E7129CB9B43003BCFDB /* PhotoDataSource.swift */,
				A260F15D29CBA58C003D40D6 /* PhotoCollectionViewCell.swift */,
				A2BD9E6B29B80762003BCFDB /* FlickrAPI.swift */,
				A2BD9E6F29B91A6B003BCFDB /* Photo.swift */,
				A2BD9E6D29B80CF9003BCFDB /* PhotoStore.swift */,
				A2BD9E4429B7C795003BCFDB /* Assets.xcassets */,
				A2BD9E4629B7C795003BCFDB /* LaunchScreen.storyboard */,
				A2BD9E4929B7C795003BCFDB /* Info.plist */,
			);
			path = Photorama;
			sourceTree = "<group>";
		};
		A2BD9E5129B7C796003BCFDB /* PhotoramaTests */ = {
			isa = PBXGroup;
			children = (
				A2BD9E5229B7C796003BCFDB /* PhotoramaTests.swift */,
			);
			path = PhotoramaTests;
			sourceTree = "<group>";
		};
		A2BD9E5B29B7C796003BCFDB /* PhotoramaUITests */ = {
			isa = PBXGroup;
			children = (
				A2BD9E5C29B7C796003BCFDB /* PhotoramaUITests.swift */,
				A2BD9E5E29B7C796003BCFDB /* PhotoramaUITestsLaunchTests.swift */,
			);
			path = PhotoramaUITests;
			sourceTree = "<group>";
		};
/* End PBXGroup section */

/* Begin PBXNativeTarget section */
		A2BD9E3729B7C793003BCFDB /* Photorama */ = {
			isa = PBXNativeTarget;
			buildConfigurationList = A2BD9E6229B7C796003BCFDB /* Build configuration list for PBXNativeTarget "Photorama" */;
			buildPhases = (
				A2BD9E3429B7C793003BCFDB /* Sources */,
				A2BD9E3529B7C793003BCFDB /* Frameworks */,
				A2BD9E3629B7C793003BCFDB /* Resources */,
			);
			buildRules = (
			);
			dependencies = (
			);
			name = Photorama;
			productName = Photorama;
			productReference = A2BD9E3829B7C793003BCFDB /* Photorama.app */;
			productType = "com.apple.product-type.application";
		};
		A2BD9E4D29B7C795003BCFDB /* PhotoramaTests */ = {
			isa = PBXNativeTarget;
			buildConfigurationList = A2BD9E6529B7C796003BCFDB /* Build configuration list for PBXNativeTarget "PhotoramaTests" */;
			buildPhases = (
				A2BD9E4A29B7C795003BCFDB /* Sources */,
				A2BD9E4B29B7C795003BCFDB /* Frameworks */,
				A2BD9E4C29B7C795003BCFDB /* Resources */,
			);
			buildRules = (
			);
			dependencies = (
				A2BD9E5029B7C795003BCFDB /* PBXTargetDependency */,
			);
			name = PhotoramaTests;
			productName = PhotoramaTests;
			productReference = A2BD9E4E29B7C795003BCFDB /* PhotoramaTests.xctest */;
			productType = "com.apple.product-type.bundle.unit-test";
		};
		A2BD9E5729B7C796003BCFDB /* PhotoramaUITests */ = {
			isa = PBXNativeTarget;
			buildConfigurationList = A2BD9E6829B7C796003BCFDB /* Build configuration list for PBXNativeTarget "PhotoramaUITests" */;
			buildPhases = (
				A2BD9E5429B7C796003BCFDB /* Sources */,
				A2BD9E5529B7C796003BCFDB /* Frameworks */,
				A2BD9E5629B7C796003BCFDB /* Resources */,
			);
			buildRules = (
			);
			dependencies = (
				A2BD9E5A29B7C796003BCFDB /* PBXTargetDependency */,
			);
			name = PhotoramaUITests;
			productName = PhotoramaUITests;
			productReference = A2BD9E5829B7C796003BCFDB /* PhotoramaUITests.xctest */;
			productType = "com.apple.product-type.bundle.ui-testing";
		};
/* End PBXNativeTarget section */

/* Begin PBXProject section */
		A2BD9E3029B7C793003BCFDB /* Project object */ = {
			isa = PBXProject;
			attributes = {
				BuildIndependentTargetsInParallel = 1;
				LastSwiftUpdateCheck = 1420;
				LastUpgradeCheck = 1420;
				TargetAttributes = {
					A2BD9E3729B7C793003BCFDB = {
						CreatedOnToolsVersion = 14.2;
					};
					A2BD9E4D29B7C795003BCFDB = {
						CreatedOnToolsVersion = 14.2;
						TestTargetID = A2BD9E3729B7C793003BCFDB;
					};
					A2BD9E5729B7C796003BCFDB = {
						CreatedOnToolsVersion = 14.2;
						TestTargetID = A2BD9E3729B7C793003BCFDB;
					};
				};
			};
			buildConfigurationList = A2BD9E3329B7C793003BCFDB /* Build configuration list for PBXProject "Photorama" */;
			compatibilityVersion = "Xcode 14.0";
			developmentRegion = en;
			hasScannedForEncodings = 0;
			knownRegions = (
				en,
				Base,
			);
			mainGroup = A2BD9E2F29B7C793003BCFDB;
			productRefGroup = A2BD9E3929B7C793003BCFDB /* Products */;
			projectDirPath = "";
			projectRoot = "";
			targets = (
				A2BD9E3729B7C793003BCFDB /* Photorama */,
				A2BD9E4D29B7C795003BCFDB /* PhotoramaTests */,
				A2BD9E5729B7C796003BCFDB /* PhotoramaUITests */,
			);
		};
/* End PBXProject section */

/* Begin PBXResourcesBuildPhase section */
		A2BD9E3629B7C793003BCFDB /* Resources */ = {
			isa = PBXResourcesBuildPhase;
			buildActionMask = 2147483647;
			files = (
				A2BD9E4829B7C795003BCFDB /* LaunchScreen.storyboard in Resources */,
				A2BD9E4529B7C795003BCFDB /* Assets.xcassets in Resources */,
				A2BD9E4329B7C793003BCFDB /* Main.storyboard in Resources */,
			);
			runOnlyForDeploymentPostprocessing = 0;
		};
		A2BD9E4C29B7C795003BCFDB /* Resources */ = {
			isa = PBXResourcesBuildPhase;
			buildActionMask = 2147483647;
			files = (
			);
			runOnlyForDeploymentPostprocessing = 0;
		};
		A2BD9E5629B7C796003BCFDB /* Resources */ = {
			isa = PBXResourcesBuildPhase;
			buildActionMask = 2147483647;
			files = (
			);
			runOnlyForDeploymentPostprocessing = 0;
		};
/* End PBXResourcesBuildPhase section */

/* Begin PBXSourcesBuildPhase section */
		A2BD9E3429B7C793003BCFDB /* Sources */ = {
			isa = PBXSourcesBuildPhase;
			buildActionMask = 2147483647;
			files = (
				A2BD9E7029B91A6B003BCFDB /* Photo.swift in Sources */,
				A260F15E29CBA58C003D40D6 /* PhotoCollectionViewCell.swift in Sources */,
				A2BD9E7229CB9B43003BCFDB /* PhotoDataSource.swift in Sources */,
				A2BD9E6E29B80CF9003BCFDB /* PhotoStore.swift in Sources */,
				A2BD9E4029B7C793003BCFDB /* PhotosViewController.swift in Sources */,
				A2BD9E3C29B7C793003BCFDB /* AppDelegate.swift in Sources */,
				A2BD9E3E29B7C793003BCFDB /* SceneDelegate.swift in Sources */,
				A2BD9E6C29B80762003BCFDB /* FlickrAPI.swift in Sources */,
			);
			runOnlyForDeploymentPostprocessing = 0;
		};
		A2BD9E4A29B7C795003BCFDB /* Sources */ = {
			isa = PBXSourcesBuildPhase;
			buildActionMask = 2147483647;
			files = (
				A2BD9E5329B7C796003BCFDB /* PhotoramaTests.swift in Sources */,
			);
			runOnlyForDeploymentPostprocessing = 0;
		};
		A2BD9E5429B7C796003BCFDB /* Sources */ = {
			isa = PBXSourcesBuildPhase;
			buildActionMask = 2147483647;
			files = (
				A2BD9E5F29B7C796003BCFDB /* PhotoramaUITestsLaunchTests.swift in Sources */,
				A2BD9E5D29B7C796003BCFDB /* PhotoramaUITests.swift in Sources */,
			);
			runOnlyForDeploymentPostprocessing = 0;
		};
/* End PBXSourcesBuildPhase section */

/* Begin PBXTargetDependency section */
		A2BD9E5029B7C795003BCFDB /* PBXTargetDependency */ = {
			isa = PBXTargetDependency;
			target = A2BD9E3729B7C793003BCFDB /* Photorama */;
			targetProxy = A2BD9E4F29B7C795003BCFDB /* PBXContainerItemProxy */;
		};
		A2BD9E5A29B7C796003BCFDB /* PBXTargetDependency */ = {
			isa = PBXTargetDependency;
			target = A2BD9E3729B7C793003BCFDB /* Photorama */;
			targetProxy = A2BD9E5929B7C796003BCFDB /* PBXContainerItemProxy */;
		};
/* End PBXTargetDependency section */

/* Begin PBXVariantGroup section */
		A2BD9E4129B7C793003BCFDB /* Main.storyboard */ = {
			isa = PBXVariantGroup;
			children = (
				A2BD9E4229B7C793003BCFDB /* Base */,
			);
			name = Main.storyboard;
			sourceTree = "<group>";
		};
		A2BD9E4629B7C795003BCFDB /* LaunchScreen.storyboard */ = {
			isa = PBXVariantGroup;
			children = (
				A2BD9E4729B7C795003BCFDB /* Base */,
			);
			name = LaunchScreen.storyboard;
			sourceTree = "<group>";
		};
/* End PBXVariantGroup section */

/* Begin XCBuildConfiguration section */
		A2BD9E6029B7C796003BCFDB /* Debug */ = {
			isa = XCBuildConfiguration;
			buildSettings = {
				ALWAYS_SEARCH_USER_PATHS = NO;
				CLANG_ANALYZER_NONNULL = YES;
				CLANG_ANALYZER_NUMBER_OBJECT_CONVERSION = YES_AGGRESSIVE;
				CLANG_CXX_LANGUAGE_STANDARD = "gnu++20";
				CLANG_ENABLE_MODULES = YES;
				CLANG_ENABLE_OBJC_ARC = YES;
				CLANG_ENABLE_OBJC_WEAK = YES;
				CLANG_WARN_BLOCK_CAPTURE_AUTORELEASING = YES;
				CLANG_WARN_BOOL_CONVERSION = YES;
				CLANG_WARN_COMMA = YES;
				CLANG_WARN_CONSTANT_CONVERSION = YES;
				CLANG_WARN_DEPRECATED_OBJC_IMPLEMENTATIONS = YES;
				CLANG_WARN_DIRECT_OBJC_ISA_USAGE = YES_ERROR;
				CLANG_WARN_DOCUMENTATION_COMMENTS = YES;
				CLANG_WARN_EMPTY_BODY = YES;
				CLANG_WARN_ENUM_CONVERSION = YES;
				CLANG_WARN_INFINITE_RECURSION = YES;
				CLANG_WARN_INT_CONVERSION = YES;
				CLANG_WARN_NON_LITERAL_NULL_CONVERSION = YES;
				CLANG_WARN_OBJC_IMPLICIT_RETAIN_SELF = YES;
				CLANG_WARN_OBJC_LITERAL_CONVERSION = YES;
				CLANG_WARN_OBJC_ROOT_CLASS = YES_ERROR;
				CLANG_WARN_QUOTED_INCLUDE_IN_FRAMEWORK_HEADER = YES;
				CLANG_WARN_RANGE_LOOP_ANALYSIS = YES;
				CLANG_WARN_STRICT_PROTOTYPES = YES;
				CLANG_WARN_SUSPICIOUS_MOVE = YES;
				CLANG_WARN_UNGUARDED_AVAILABILITY = YES_AGGRESSIVE;
				CLANG_WARN_UNREACHABLE_CODE = YES;
				CLANG_WARN__DUPLICATE_METHOD_MATCH = YES;
				COPY_PHASE_STRIP = NO;
				DEBUG_INFORMATION_FORMAT = dwarf;
				ENABLE_STRICT_OBJC_MSGSEND = YES;
				ENABLE_TESTABILITY = YES;
				GCC_C_LANGUAGE_STANDARD = gnu11;
				GCC_DYNAMIC_NO_PIC = NO;
				GCC_NO_COMMON_BLOCKS = YES;
				GCC_OPTIMIZATION_LEVEL = 0;
				GCC_PREPROCESSOR_DEFINITIONS = (
					"DEBUG=1",
					"$(inherited)",
				);
				GCC_WARN_64_TO_32_BIT_CONVERSION = YES;
				GCC_WARN_ABOUT_RETURN_TYPE = YES_ERROR;
				GCC_WARN_UNDECLARED_SELECTOR = YES;
				GCC_WARN_UNINITIALIZED_AUTOS = YES_AGGRESSIVE;
				GCC_WARN_UNUSED_FUNCTION = YES;
				GCC_WARN_UNUSED_VARIABLE = YES;
				IPHONEOS_DEPLOYMENT_TARGET = 16.2;
				MTL_ENABLE_DEBUG_INFO = INCLUDE_SOURCE;
				MTL_FAST_MATH = YES;
				ONLY_ACTIVE_ARCH = YES;
				SDKROOT = iphoneos;
				SWIFT_ACTIVE_COMPILATION_CONDITIONS = DEBUG;
				SWIFT_OPTIMIZATION_LEVEL = "-Onone";
			};
			name = Debug;
		};
		A2BD9E6129B7C796003BCFDB /* Release */ = {
			isa = XCBuildConfiguration;
			buildSettings = {
				ALWAYS_SEARCH_USER_PATHS = NO;
				CLANG_ANALYZER_NONNULL = YES;
				CLANG_ANALYZER_NUMBER_OBJECT_CONVERSION = YES_AGGRESSIVE;
				CLANG_CXX_LANGUAGE_STANDARD = "gnu++20";
				CLANG_ENABLE_MODULES = YES;
				CLANG_ENABLE_OBJC_ARC = YES;
				CLANG_ENABLE_OBJC_WEAK = YES;
				CLANG_WARN_BLOCK_CAPTURE_AUTORELEASING = YES;
				CLANG_WARN_BOOL_CONVERSION = YES;
				CLANG_WARN_COMMA = YES;
				CLANG_WARN_CONSTANT_CONVERSION = YES;
				CLANG_WARN_DEPRECATED_OBJC_IMPLEMENTATIONS = YES;
				CLANG_WARN_DIRECT_OBJC_ISA_USAGE = YES_ERROR;
				CLANG_WARN_DOCUMENTATION_COMMENTS = YES;
				CLANG_WARN_EMPTY_BODY = YES;
				CLANG_WARN_ENUM_CONVERSION = YES;
				CLANG_WARN_INFINITE_RECURSION = YES;
				CLANG_WARN_INT_CONVERSION = YES;
				CLANG_WARN_NON_LITERAL_NULL_CONVERSION = YES;
				CLANG_WARN_OBJC_IMPLICIT_RETAIN_SELF = YES;
				CLANG_WARN_OBJC_LITERAL_CONVERSION = YES;
				CLANG_WARN_OBJC_ROOT_CLASS = YES_ERROR;
				CLANG_WARN_QUOTED_INCLUDE_IN_FRAMEWORK_HEADER = YES;
				CLANG_WARN_RANGE_LOOP_ANALYSIS = YES;
				CLANG_WARN_STRICT_PROTOTYPES = YES;
				CLANG_WARN_SUSPICIOUS_MOVE = YES;
				CLANG_WARN_UNGUARDED_AVAILABILITY = YES_AGGRESSIVE;
				CLANG_WARN_UNREACHABLE_CODE = YES;
				CLANG_WARN__DUPLICATE_METHOD_MATCH = YES;
				COPY_PHASE_STRIP = NO;
				DEBUG_INFORMATION_FORMAT = "dwarf-with-dsym";
				ENABLE_NS_ASSERTIONS = NO;
				ENABLE_STRICT_OBJC_MSGSEND = YES;
				GCC_C_LANGUAGE_STANDARD = gnu11;
				GCC_NO_COMMON_BLOCKS = YES;
				GCC_WARN_64_TO_32_BIT_CONVERSION = YES;
				GCC_WARN_ABOUT_RETURN_TYPE = YES_ERROR;
				GCC_WARN_UNDECLARED_SELECTOR = YES;
				GCC_WARN_UNINITIALIZED_AUTOS = YES_AGGRESSIVE;
				GCC_WARN_UNUSED_FUNCTION = YES;
				GCC_WARN_UNUSED_VARIABLE = YES;
				IPHONEOS_DEPLOYMENT_TARGET = 16.2;
				MTL_ENABLE_DEBUG_INFO = NO;
				MTL_FAST_MATH = YES;
				SDKROOT = iphoneos;
				SWIFT_COMPILATION_MODE = wholemodule;
				SWIFT_OPTIMIZATION_LEVEL = "-O";
				VALIDATE_PRODUCT = YES;
			};
			name = Release;
		};
		A2BD9E6329B7C796003BCFDB /* Debug */ = {
			isa = XCBuildConfiguration;
			buildSettings = {
				ASSETCATALOG_COMPILER_APPICON_NAME = AppIcon;
				ASSETCATALOG_COMPILER_GLOBAL_ACCENT_COLOR_NAME = AccentColor;
				CODE_SIGN_STYLE = Automatic;
				CURRENT_PROJECT_VERSION = 1;
				DEVELOPMENT_TEAM = 6N6RG82H84;
				GENERATE_INFOPLIST_FILE = YES;
				INFOPLIST_FILE = Photorama/Info.plist;
				INFOPLIST_KEY_UIApplicationSupportsIndirectInputEvents = YES;
				INFOPLIST_KEY_UILaunchStoryboardName = LaunchScreen;
				INFOPLIST_KEY_UIMainStoryboardFile = Main;
				INFOPLIST_KEY_UISupportedInterfaceOrientations_iPad = "UIInterfaceOrientationPortrait UIInterfaceOrientationPortraitUpsideDown UIInterfaceOrientationLandscapeLeft UIInterfaceOrientationLandscapeRight";
				INFOPLIST_KEY_UISupportedInterfaceOrientations_iPhone = "UIInterfaceOrientationPortrait UIInterfaceOrientationLandscapeLeft UIInterfaceOrientationLandscapeRight";
				LD_RUNPATH_SEARCH_PATHS = (
					"$(inherited)",
					"@executable_path/Frameworks",
				);
				MARKETING_VERSION = 1.0;
				PRODUCT_BUNDLE_IDENTIFIER = com.mochoaco.Photorama;
				PRODUCT_NAME = "$(TARGET_NAME)";
				SWIFT_EMIT_LOC_STRINGS = YES;
				SWIFT_VERSION = 5.0;
				TARGETED_DEVICE_FAMILY = "1,2";
			};
			name = Debug;
		};
		A2BD9E6429B7C796003BCFDB /* Release */ = {
			isa = XCBuildConfiguration;
			buildSettings = {
				ASSETCATALOG_COMPILER_APPICON_NAME = AppIcon;
				ASSETCATALOG_COMPILER_GLOBAL_ACCENT_COLOR_NAME = AccentColor;
				CODE_SIGN_STYLE = Automatic;
				CURRENT_PROJECT_VERSION = 1;
				DEVELOPMENT_TEAM = 6N6RG82H84;
				GENERATE_INFOPLIST_FILE = YES;
				INFOPLIST_FILE = Photorama/Info.plist;
				INFOPLIST_KEY_UIApplicationSupportsIndirectInputEvents = YES;
				INFOPLIST_KEY_UILaunchStoryboardName = LaunchScreen;
				INFOPLIST_KEY_UIMainStoryboardFile = Main;
				INFOPLIST_KEY_UISupportedInterfaceOrientations_iPad = "UIInterfaceOrientationPortrait UIInterfaceOrientationPortraitUpsideDown UIInterfaceOrientationLandscapeLeft UIInterfaceOrientationLandscapeRight";
				INFOPLIST_KEY_UISupportedInterfaceOrientations_iPhone = "UIInterfaceOrientationPortrait UIInterfaceOrientationLandscapeLeft UIInterfaceOrientationLandscapeRight";
				LD_RUNPATH_SEARCH_PATHS = (
					"$(inherited)",
					"@executable_path/Frameworks",
				);
				MARKETING_VERSION = 1.0;
				PRODUCT_BUNDLE_IDENTIFIER = com.mochoaco.Photorama;
				PRODUCT_NAME = "$(TARGET_NAME)";
				SWIFT_EMIT_LOC_STRINGS = YES;
				SWIFT_VERSION = 5.0;
				TARGETED_DEVICE_FAMILY = "1,2";
			};
			name = Release;
		};
		A2BD9E6629B7C796003BCFDB /* Debug */ = {
			isa = XCBuildConfiguration;
			buildSettings = {
				ALWAYS_EMBED_SWIFT_STANDARD_LIBRARIES = YES;
				BUNDLE_LOADER = "$(TEST_HOST)";
				CODE_SIGN_STYLE = Automatic;
				CURRENT_PROJECT_VERSION = 1;
				DEVELOPMENT_TEAM = 6N6RG82H84;
				GENERATE_INFOPLIST_FILE = YES;
				IPHONEOS_DEPLOYMENT_TARGET = 16.2;
				MARKETING_VERSION = 1.0;
				PRODUCT_BUNDLE_IDENTIFIER = com.mochoaco.PhotoramaTests;
				PRODUCT_NAME = "$(TARGET_NAME)";
				SWIFT_EMIT_LOC_STRINGS = NO;
				SWIFT_VERSION = 5.0;
				TARGETED_DEVICE_FAMILY = "1,2";
				TEST_HOST = "$(BUILT_PRODUCTS_DIR)/Photorama.app/$(BUNDLE_EXECUTABLE_FOLDER_PATH)/Photorama";
			};
			name = Debug;
		};
		A2BD9E6729B7C796003BCFDB /* Release */ = {
			isa = XCBuildConfiguration;
			buildSettings = {
				ALWAYS_EMBED_SWIFT_STANDARD_LIBRARIES = YES;
				BUNDLE_LOADER = "$(TEST_HOST)";
				CODE_SIGN_STYLE = Automatic;
				CURRENT_PROJECT_VERSION = 1;
				DEVELOPMENT_TEAM = 6N6RG82H84;
				GENERATE_INFOPLIST_FILE = YES;
				IPHONEOS_DEPLOYMENT_TARGET = 16.2;
				MARKETING_VERSION = 1.0;
				PRODUCT_BUNDLE_IDENTIFIER = com.mochoaco.PhotoramaTests;
				PRODUCT_NAME = "$(TARGET_NAME)";
				SWIFT_EMIT_LOC_STRINGS = NO;
				SWIFT_VERSION = 5.0;
				TARGETED_DEVICE_FAMILY = "1,2";
				TEST_HOST = "$(BUILT_PRODUCTS_DIR)/Photorama.app/$(BUNDLE_EXECUTABLE_FOLDER_PATH)/Photorama";
			};
			name = Release;
		};
		A2BD9E6929B7C796003BCFDB /* Debug */ = {
			isa = XCBuildConfiguration;
			buildSettings = {
				ALWAYS_EMBED_SWIFT_STANDARD_LIBRARIES = YES;
				CODE_SIGN_STYLE = Automatic;
				CURRENT_PROJECT_VERSION = 1;
				DEVELOPMENT_TEAM = 6N6RG82H84;
				GENERATE_INFOPLIST_FILE = YES;
				MARKETING_VERSION = 1.0;
				PRODUCT_BUNDLE_IDENTIFIER = com.mochoaco.PhotoramaUITests;
				PRODUCT_NAME = "$(TARGET_NAME)";
				SWIFT_EMIT_LOC_STRINGS = NO;
				SWIFT_VERSION = 5.0;
				TARGETED_DEVICE_FAMILY = "1,2";
				TEST_TARGET_NAME = Photorama;
			};
			name = Debug;
		};
		A2BD9E6A29B7C796003BCFDB /* Release */ = {
			isa = XCBuildConfiguration;
			buildSettings = {
				ALWAYS_EMBED_SWIFT_STANDARD_LIBRARIES = YES;
				CODE_SIGN_STYLE = Automatic;
				CURRENT_PROJECT_VERSION = 1;
				DEVELOPMENT_TEAM = 6N6RG82H84;
				GENERATE_INFOPLIST_FILE = YES;
				MARKETING_VERSION = 1.0;
				PRODUCT_BUNDLE_IDENTIFIER = com.mochoaco.PhotoramaUITests;
				PRODUCT_NAME = "$(TARGET_NAME)";
				SWIFT_EMIT_LOC_STRINGS = NO;
				SWIFT_VERSION = 5.0;
				TARGETED_DEVICE_FAMILY = "1,2";
				TEST_TARGET_NAME = Photorama;
			};
			name = Release;
		};
/* End XCBuildConfiguration section */

/* Begin XCConfigurationList section */
		A2BD9E3329B7C793003BCFDB /* Build configuration list for PBXProject "Photorama" */ = {
			isa = XCConfigurationList;
			buildConfigurations = (
				A2BD9E6029B7C796003BCFDB /* Debug */,
				A2BD9E6129B7C796003BCFDB /* Release */,
			);
			defaultConfigurationIsVisible = 0;
			defaultConfigurationName = Release;
		};
		A2BD9E6229B7C796003BCFDB /* Build configuration list for PBXNativeTarget "Photorama" */ = {
			isa = XCConfigurationList;
			buildConfigurations = (
				A2BD9E6329B7C796003BCFDB /* Debug */,
				A2BD9E6429B7C796003BCFDB /* Release */,
			);
			defaultConfigurationIsVisible = 0;
			defaultConfigurationName = Release;
		};
		A2BD9E6529B7C796003BCFDB /* Build configuration list for PBXNativeTarget "PhotoramaTests" */ = {
			isa = XCConfigurationList;
			buildConfigurations = (
				A2BD9E6629B7C796003BCFDB /* Debug */,
				A2BD9E6729B7C796003BCFDB /* Release */,
			);
			defaultConfigurationIsVisible = 0;
			defaultConfigurationName = Release;
		};
		A2BD9E6829B7C796003BCFDB /* Build configuration list for PBXNativeTarget "PhotoramaUITests" */ = {
			isa = XCConfigurationList;
			buildConfigurations = (
				A2BD9E6929B7C796003BCFDB /* Debug */,
				A2BD9E6A29B7C796003BCFDB /* Release */,
			);
			defaultConfigurationIsVisible = 0;
			defaultConfigurationName = Release;
		};
/* End XCConfigurationList section */
	};
	rootObject = A2BD9E3029B7C793003BCFDB /* Project object */;
}
